// !$*UTF8*$!
{
	archiveVersion = 1;
	classes = {
	};
	objectVersion = 50;
	objects = {

/* Begin PBXBuildFile section */
		95C8F4B0252E09D50095E68B /* CanvasViews.swift in Sources */ = {isa = PBXBuildFile; fileRef = 95C8F4AF252E09D50095E68B /* CanvasViews.swift */; };
		95C8F4B2252E09D50095E68B /* ContentView.swift in Sources */ = {isa = PBXBuildFile; fileRef = 95C8F4B1252E09D50095E68B /* ContentView.swift */; };
		95C8F4B4252E09DA0095E68B /* Assets.xcassets in Resources */ = {isa = PBXBuildFile; fileRef = 95C8F4B3252E09DA0095E68B /* Assets.xcassets */; };
		95C8F4B7252E09DA0095E68B /* Preview Assets.xcassets in Resources */ = {isa = PBXBuildFile; fileRef = 95C8F4B6252E09DA0095E68B /* Preview Assets.xcassets */; };
		95C8F4C2252E09DA0095E68B /* canvas_1Tests.swift in Sources */ = {isa = PBXBuildFile; fileRef = 95C8F4C1252E09DA0095E68B /* canvas_1Tests.swift */; };
		95C8F4CD252E09DA0095E68B /* canvas_1UITests.swift in Sources */ = {isa = PBXBuildFile; fileRef = 95C8F4CC252E09DA0095E68B /* canvas_1UITests.swift */; };
		95C8F4DE252E13E20095E68B /* CircleImage.swift in Sources */ = {isa = PBXBuildFile; fileRef = 95C8F4DD252E13E20095E68B /* CircleImage.swift */; };
		95C8F4E3252E14A20095E68B /* MapView.swift in Sources */ = {isa = PBXBuildFile; fileRef = 95C8F4E2252E14A20095E68B /* MapView.swift */; };
/* End PBXBuildFile section */

/* Begin PBXContainerItemProxy section */
		95C8F4BE252E09DA0095E68B /* PBXContainerItemProxy */ = {
			isa = PBXContainerItemProxy;
			containerPortal = 95C8F4A4252E09D50095E68B /* Project object */;
			proxyType = 1;
			remoteGlobalIDString = 95C8F4AB252E09D50095E68B;
			remoteInfo = "canvas-1";
		};
		95C8F4C9252E09DA0095E68B /* PBXContainerItemProxy */ = {
			isa = PBXContainerItemProxy;
			containerPortal = 95C8F4A4252E09D50095E68B /* Project object */;
			proxyType = 1;
			remoteGlobalIDString = 95C8F4AB252E09D50095E68B;
			remoteInfo = "canvas-1";
		};
/* End PBXContainerItemProxy section */

/* Begin PBXFileReference section */
		95C8F4AC252E09D50095E68B /* canvas-1.app */ = {isa = PBXFileReference; explicitFileType = wrapper.application; includeInIndex = 0; path = "canvas-1.app"; sourceTree = BUILT_PRODUCTS_DIR; };
		95C8F4AF252E09D50095E68B /* CanvasViews.swift */ = {isa = PBXFileReference; lastKnownFileType = sourcecode.swift; path = CanvasViews.swift; sourceTree = "<group>"; };
		95C8F4B1252E09D50095E68B /* ContentView.swift */ = {isa = PBXFileReference; lastKnownFileType = sourcecode.swift; path = ContentView.swift; sourceTree = "<group>"; };
		95C8F4B3252E09DA0095E68B /* Assets.xcassets */ = {isa = PBXFileReference; lastKnownFileType = folder.assetcatalog; path = Assets.xcassets; sourceTree = "<group>"; };
		95C8F4B6252E09DA0095E68B /* Preview Assets.xcassets */ = {isa = PBXFileReference; lastKnownFileType = folder.assetcatalog; path = "Preview Assets.xcassets"; sourceTree = "<group>"; };
		95C8F4B8252E09DA0095E68B /* Info.plist */ = {isa = PBXFileReference; lastKnownFileType = text.plist.xml; path = Info.plist; sourceTree = "<group>"; };
		95C8F4BD252E09DA0095E68B /* canvas-1Tests.xctest */ = {isa = PBXFileReference; explicitFileType = wrapper.cfbundle; includeInIndex = 0; path = "canvas-1Tests.xctest"; sourceTree = BUILT_PRODUCTS_DIR; };
		95C8F4C1252E09DA0095E68B /* canvas_1Tests.swift */ = {isa = PBXFileReference; lastKnownFileType = sourcecode.swift; path = canvas_1Tests.swift; sourceTree = "<group>"; };
		95C8F4C3252E09DA0095E68B /* Info.plist */ = {isa = PBXFileReference; lastKnownFileType = text.plist.xml; path = Info.plist; sourceTree = "<group>"; };
		95C8F4C8252E09DA0095E68B /* canvas-1UITests.xctest */ = {isa = PBXFileReference; explicitFileType = wrapper.cfbundle; includeInIndex = 0; path = "canvas-1UITests.xctest"; sourceTree = BUILT_PRODUCTS_DIR; };
		95C8F4CC252E09DA0095E68B /* canvas_1UITests.swift */ = {isa = PBXFileReference; lastKnownFileType = sourcecode.swift; path = canvas_1UITests.swift; sourceTree = "<group>"; };
		95C8F4CE252E09DA0095E68B /* Info.plist */ = {isa = PBXFileReference; lastKnownFileType = text.plist.xml; path = Info.plist; sourceTree = "<group>"; };
		95C8F4DD252E13E20095E68B /* CircleImage.swift */ = {isa = PBXFileReference; lastKnownFileType = sourcecode.swift; path = CircleImage.swift; sourceTree = "<group>"; };
		95C8F4E2252E14A20095E68B /* MapView.swift */ = {isa = PBXFileReference; lastKnownFileType = sourcecode.swift; path = MapView.swift; sourceTree = "<group>"; };
/* End PBXFileReference section */

/* Begin PBXFrameworksBuildPhase section */
		95C8F4A9252E09D50095E68B /* Frameworks */ = {
			isa = PBXFrameworksBuildPhase;
			buildActionMask = 2147483647;
			files = (
			);
			runOnlyForDeploymentPostprocessing = 0;
		};
		95C8F4BA252E09DA0095E68B /* Frameworks */ = {
			isa = PBXFrameworksBuildPhase;
			buildActionMask = 2147483647;
			files = (
			);
			runOnlyForDeploymentPostprocessing = 0;
		};
		95C8F4C5252E09DA0095E68B /* Frameworks */ = {
			isa = PBXFrameworksBuildPhase;
			buildActionMask = 2147483647;
			files = (
			);
			runOnlyForDeploymentPostprocessing = 0;
		};
/* End PBXFrameworksBuildPhase section */

/* Begin PBXGroup section */
		95C8F4A3252E09D50095E68B = {
			isa = PBXGroup;
			children = (
				95C8F4AE252E09D50095E68B /* canvas-1 */,
				95C8F4C0252E09DA0095E68B /* canvas-1Tests */,
				95C8F4CB252E09DA0095E68B /* canvas-1UITests */,
				95C8F4AD252E09D50095E68B /* Products */,
			);
			sourceTree = "<group>";
		};
		95C8F4AD252E09D50095E68B /* Products */ = {
			isa = PBXGroup;
			children = (
				95C8F4AC252E09D50095E68B /* canvas-1.app */,
				95C8F4BD252E09DA0095E68B /* canvas-1Tests.xctest */,
				95C8F4C8252E09DA0095E68B /* canvas-1UITests.xctest */,
			);
			name = Products;
			sourceTree = "<group>";
		};
		95C8F4AE252E09D50095E68B /* canvas-1 */ = {
			isa = PBXGroup;
			children = (
				95C8F4AF252E09D50095E68B /* CanvasViews.swift */,
				95C8F4B1252E09D50095E68B /* ContentView.swift */,
				95C8F4DD252E13E20095E68B /* CircleImage.swift */,
				95C8F4E2252E14A20095E68B /* MapView.swift */,
				95C8F4B3252E09DA0095E68B /* Assets.xcassets */,
				95C8F4B8252E09DA0095E68B /* Info.plist */,
				95C8F4B5252E09DA0095E68B /* Preview Content */,
			);
			path = "canvas-1";
			sourceTree = "<group>";
		};
		95C8F4B5252E09DA0095E68B /* Preview Content */ = {
			isa = PBXGroup;
			children = (
				95C8F4B6252E09DA0095E68B /* Preview Assets.xcassets */,
			);
			path = "Preview Content";
			sourceTree = "<group>";
		};
		95C8F4C0252E09DA0095E68B /* canvas-1Tests */ = {
			isa = PBXGroup;
			children = (
				95C8F4C1252E09DA0095E68B /* canvas_1Tests.swift */,
				95C8F4C3252E09DA0095E68B /* Info.plist */,
			);
			path = "canvas-1Tests";
			sourceTree = "<group>";
		};
		95C8F4CB252E09DA0095E68B /* canvas-1UITests */ = {
			isa = PBXGroup;
			children = (
				95C8F4CC252E09DA0095E68B /* canvas_1UITests.swift */,
				95C8F4CE252E09DA0095E68B /* Info.plist */,
			);
			path = "canvas-1UITests";
			sourceTree = "<group>";
		};
/* End PBXGroup section */

/* Begin PBXNativeTarget section */
		95C8F4AB252E09D50095E68B /* canvas-1 */ = {
			isa = PBXNativeTarget;
			buildConfigurationList = 95C8F4D1252E09DA0095E68B /* Build configuration list for PBXNativeTarget "canvas-1" */;
			buildPhases = (
				95C8F4A8252E09D50095E68B /* Sources */,
				95C8F4A9252E09D50095E68B /* Frameworks */,
				95C8F4AA252E09D50095E68B /* Resources */,
			);
			buildRules = (
			);
			dependencies = (
			);
			name = "canvas-1";
			productName = "canvas-1";
			productReference = 95C8F4AC252E09D50095E68B /* canvas-1.app */;
			productType = "com.apple.product-type.application";
		};
		95C8F4BC252E09DA0095E68B /* canvas-1Tests */ = {
			isa = PBXNativeTarget;
			buildConfigurationList = 95C8F4D4252E09DA0095E68B /* Build configuration list for PBXNativeTarget "canvas-1Tests" */;
			buildPhases = (
				95C8F4B9252E09DA0095E68B /* Sources */,
				95C8F4BA252E09DA0095E68B /* Frameworks */,
				95C8F4BB252E09DA0095E68B /* Resources */,
			);
			buildRules = (
			);
			dependencies = (
				95C8F4BF252E09DA0095E68B /* PBXTargetDependency */,
			);
			name = "canvas-1Tests";
			productName = "canvas-1Tests";
			productReference = 95C8F4BD252E09DA0095E68B /* canvas-1Tests.xctest */;
			productType = "com.apple.product-type.bundle.unit-test";
		};
		95C8F4C7252E09DA0095E68B /* canvas-1UITests */ = {
			isa = PBXNativeTarget;
			buildConfigurationList = 95C8F4D7252E09DA0095E68B /* Build configuration list for PBXNativeTarget "canvas-1UITests" */;
			buildPhases = (
				95C8F4C4252E09DA0095E68B /* Sources */,
				95C8F4C5252E09DA0095E68B /* Frameworks */,
				95C8F4C6252E09DA0095E68B /* Resources */,
			);
			buildRules = (
			);
			dependencies = (
				95C8F4CA252E09DA0095E68B /* PBXTargetDependency */,
			);
			name = "canvas-1UITests";
			productName = "canvas-1UITests";
			productReference = 95C8F4C8252E09DA0095E68B /* canvas-1UITests.xctest */;
			productType = "com.apple.product-type.bundle.ui-testing";
		};
/* End PBXNativeTarget section */

/* Begin PBXProject section */
		95C8F4A4252E09D50095E68B /* Project object */ = {
			isa = PBXProject;
			attributes = {
				LastSwiftUpdateCheck = 1200;
				LastUpgradeCheck = 1200;
				TargetAttributes = {
					95C8F4AB252E09D50095E68B = {
						CreatedOnToolsVersion = 12.0.1;
					};
					95C8F4BC252E09DA0095E68B = {
						CreatedOnToolsVersion = 12.0.1;
						TestTargetID = 95C8F4AB252E09D50095E68B;
					};
					95C8F4C7252E09DA0095E68B = {
						CreatedOnToolsVersion = 12.0.1;
						TestTargetID = 95C8F4AB252E09D50095E68B;
					};
				};
			};
			buildConfigurationList = 95C8F4A7252E09D50095E68B /* Build configuration list for PBXProject "canvas-1" */;
			compatibilityVersion = "Xcode 9.3";
			developmentRegion = en;
			hasScannedForEncodings = 0;
			knownRegions = (
				en,
				Base,
			);
			mainGroup = 95C8F4A3252E09D50095E68B;
			productRefGroup = 95C8F4AD252E09D50095E68B /* Products */;
			projectDirPath = "";
			projectRoot = "";
			targets = (
				95C8F4AB252E09D50095E68B /* canvas-1 */,
				95C8F4BC252E09DA0095E68B /* canvas-1Tests */,
				95C8F4C7252E09DA0095E68B /* canvas-1UITests */,
			);
		};
/* End PBXProject section */

/* Begin PBXResourcesBuildPhase section */
		95C8F4AA252E09D50095E68B /* Resources */ = {
			isa = PBXResourcesBuildPhase;
			buildActionMask = 2147483647;
			files = (
				95C8F4B7252E09DA0095E68B /* Preview Assets.xcassets in Resources */,
				95C8F4B4252E09DA0095E68B /* Assets.xcassets in Resources */,
			);
			runOnlyForDeploymentPostprocessing = 0;
		};
		95C8F4BB252E09DA0095E68B /* Resources */ = {
			isa = PBXResourcesBuildPhase;
			buildActionMask = 2147483647;
			files = (
			);
			runOnlyForDeploymentPostprocessing = 0;
		};
		95C8F4C6252E09DA0095E68B /* Resources */ = {
			isa = PBXResourcesBuildPhase;
			buildActionMask = 2147483647;
			files = (
			);
			runOnlyForDeploymentPostprocessing = 0;
		};
/* End PBXResourcesBuildPhase section */

/* Begin PBXSourcesBuildPhase section */
		95C8F4A8252E09D50095E68B /* Sources */ = {
			isa = PBXSourcesBuildPhase;
			buildActionMask = 2147483647;
			files = (
				95C8F4B2252E09D50095E68B /* ContentView.swift in Sources */,
				95C8F4E3252E14A20095E68B /* MapView.swift in Sources */,
				95C8F4B0252E09D50095E68B /* CanvasViews.swift in Sources */,
				95C8F4DE252E13E20095E68B /* CircleImage.swift in Sources */,
			);
			runOnlyForDeploymentPostprocessing = 0;
		};
		95C8F4B9252E09DA0095E68B /* Sources */ = {
			isa = PBXSourcesBuildPhase;
			buildActionMask = 2147483647;
			files = (
				95C8F4C2252E09DA0095E68B /* canvas_1Tests.swift in Sources */,
			);
			runOnlyForDeploymentPostprocessing = 0;
		};
		95C8F4C4252E09DA0095E68B /* Sources */ = {
			isa = PBXSourcesBuildPhase;
			buildActionMask = 2147483647;
			files = (
				95C8F4CD252E09DA0095E68B /* canvas_1UITests.swift in Sources */,
			);
			runOnlyForDeploymentPostprocessing = 0;
		};
/* End PBXSourcesBuildPhase section */

/* Begin PBXTargetDependency section */
		95C8F4BF252E09DA0095E68B /* PBXTargetDependency */ = {
			isa = PBXTargetDependency;
			target = 95C8F4AB252E09D50095E68B /* canvas-1 */;
			targetProxy = 95C8F4BE252E09DA0095E68B /* PBXContainerItemProxy */;
		};
		95C8F4CA252E09DA0095E68B /* PBXTargetDependency */ = {
			isa = PBXTargetDependency;
			target = 95C8F4AB252E09D50095E68B /* canvas-1 */;
			targetProxy = 95C8F4C9252E09DA0095E68B /* PBXContainerItemProxy */;
		};
/* End PBXTargetDependency section */

/* Begin XCBuildConfiguration section */
		95C8F4CF252E09DA0095E68B /* Debug */ = {
			isa = XCBuildConfiguration;
			buildSettings = {
				ALWAYS_SEARCH_USER_PATHS = NO;
				CLANG_ANALYZER_NONNULL = YES;
				CLANG_ANALYZER_NUMBER_OBJECT_CONVERSION = YES_AGGRESSIVE;
				CLANG_CXX_LANGUAGE_STANDARD = "gnu++14";
				CLANG_CXX_LIBRARY = "libc++";
				CLANG_ENABLE_MODULES = YES;
				CLANG_ENABLE_OBJC_ARC = YES;
				CLANG_ENABLE_OBJC_WEAK = YES;
				CLANG_WARN_BLOCK_CAPTURE_AUTORELEASING = YES;
				CLANG_WARN_BOOL_CONVERSION = YES;
				CLANG_WARN_COMMA = YES;
				CLANG_WARN_CONSTANT_CONVERSION = YES;
				CLANG_WARN_DEPRECATED_OBJC_IMPLEMENTATIONS = YES;
				CLANG_WARN_DIRECT_OBJC_ISA_USAGE = YES_ERROR;
				CLANG_WARN_DOCUMENTATION_COMMENTS = YES;
				CLANG_WARN_EMPTY_BODY = YES;
				CLANG_WARN_ENUM_CONVERSION = YES;
				CLANG_WARN_INFINITE_RECURSION = YES;
				CLANG_WARN_INT_CONVERSION = YES;
				CLANG_WARN_NON_LITERAL_NULL_CONVERSION = YES;
				CLANG_WARN_OBJC_IMPLICIT_RETAIN_SELF = YES;
				CLANG_WARN_OBJC_LITERAL_CONVERSION = YES;
				CLANG_WARN_OBJC_ROOT_CLASS = YES_ERROR;
				CLANG_WARN_QUOTED_INCLUDE_IN_FRAMEWORK_HEADER = YES;
				CLANG_WARN_RANGE_LOOP_ANALYSIS = YES;
				CLANG_WARN_STRICT_PROTOTYPES = YES;
				CLANG_WARN_SUSPICIOUS_MOVE = YES;
				CLANG_WARN_UNGUARDED_AVAILABILITY = YES_AGGRESSIVE;
				CLANG_WARN_UNREACHABLE_CODE = YES;
				CLANG_WARN__DUPLICATE_METHOD_MATCH = YES;
				COPY_PHASE_STRIP = NO;
				DEBUG_INFORMATION_FORMAT = dwarf;
				ENABLE_STRICT_OBJC_MSGSEND = YES;
				ENABLE_TESTABILITY = YES;
				GCC_C_LANGUAGE_STANDARD = gnu11;
				GCC_DYNAMIC_NO_PIC = NO;
				GCC_NO_COMMON_BLOCKS = YES;
				GCC_OPTIMIZATION_LEVEL = 0;
				GCC_PREPROCESSOR_DEFINITIONS = (
					"DEBUG=1",
					"$(inherited)",
				);
				GCC_WARN_64_TO_32_BIT_CONVERSION = YES;
				GCC_WARN_ABOUT_RETURN_TYPE = YES_ERROR;
				GCC_WARN_UNDECLARED_SELECTOR = YES;
				GCC_WARN_UNINITIALIZED_AUTOS = YES_AGGRESSIVE;
				GCC_WARN_UNUSED_FUNCTION = YES;
				GCC_WARN_UNUSED_VARIABLE = YES;
				IPHONEOS_DEPLOYMENT_TARGET = 14.0;
				MTL_ENABLE_DEBUG_INFO = INCLUDE_SOURCE;
				MTL_FAST_MATH = YES;
				ONLY_ACTIVE_ARCH = YES;
				SDKROOT = iphoneos;
				SWIFT_ACTIVE_COMPILATION_CONDITIONS = DEBUG;
				SWIFT_OPTIMIZATION_LEVEL = "-Onone";
			};
			name = Debug;
		};
		95C8F4D0252E09DA0095E68B /* Release */ = {
			isa = XCBuildConfiguration;
			buildSettings = {
				ALWAYS_SEARCH_USER_PATHS = NO;
				CLANG_ANALYZER_NONNULL = YES;
				CLANG_ANALYZER_NUMBER_OBJECT_CONVERSION = YES_AGGRESSIVE;
				CLANG_CXX_LANGUAGE_STANDARD = "gnu++14";
				CLANG_CXX_LIBRARY = "libc++";
				CLANG_ENABLE_MODULES = YES;
				CLANG_ENABLE_OBJC_ARC = YES;
				CLANG_ENABLE_OBJC_WEAK = YES;
				CLANG_WARN_BLOCK_CAPTURE_AUTORELEASING = YES;
				CLANG_WARN_BOOL_CONVERSION = YES;
				CLANG_WARN_COMMA = YES;
				CLANG_WARN_CONSTANT_CONVERSION = YES;
				CLANG_WARN_DEPRECATED_OBJC_IMPLEMENTATIONS = YES;
				CLANG_WARN_DIRECT_OBJC_ISA_USAGE = YES_ERROR;
				CLANG_WARN_DOCUMENTATION_COMMENTS = YES;
				CLANG_WARN_EMPTY_BODY = YES;
				CLANG_WARN_ENUM_CONVERSION = YES;
				CLANG_WARN_INFINITE_RECURSION = YES;
				CLANG_WARN_INT_CONVERSION = YES;
				CLANG_WARN_NON_LITERAL_NULL_CONVERSION = YES;
				CLANG_WARN_OBJC_IMPLICIT_RETAIN_SELF = YES;
				CLANG_WARN_OBJC_LITERAL_CONVERSION = YES;
				CLANG_WARN_OBJC_ROOT_CLASS = YES_ERROR;
				CLANG_WARN_QUOTED_INCLUDE_IN_FRAMEWORK_HEADER = YES;
				CLANG_WARN_RANGE_LOOP_ANALYSIS = YES;
				CLANG_WARN_STRICT_PROTOTYPES = YES;
				CLANG_WARN_SUSPICIOUS_MOVE = YES;
				CLANG_WARN_UNGUARDED_AVAILABILITY = YES_AGGRESSIVE;
				CLANG_WARN_UNREACHABLE_CODE = YES;
				CLANG_WARN__DUPLICATE_METHOD_MATCH = YES;
				COPY_PHASE_STRIP = NO;
				DEBUG_INFORMATION_FORMAT = "dwarf-with-dsym";
				ENABLE_NS_ASSERTIONS = NO;
				ENABLE_STRICT_OBJC_MSGSEND = YES;
				GCC_C_LANGUAGE_STANDARD = gnu11;
				GCC_NO_COMMON_BLOCKS = YES;
				GCC_WARN_64_TO_32_BIT_CONVERSION = YES;
				GCC_WARN_ABOUT_RETURN_TYPE = YES_ERROR;
				GCC_WARN_UNDECLARED_SELECTOR = YES;
				GCC_WARN_UNINITIALIZED_AUTOS = YES_AGGRESSIVE;
				GCC_WARN_UNUSED_FUNCTION = YES;
				GCC_WARN_UNUSED_VARIABLE = YES;
				IPHONEOS_DEPLOYMENT_TARGET = 14.0;
				MTL_ENABLE_DEBUG_INFO = NO;
				MTL_FAST_MATH = YES;
				SDKROOT = iphoneos;
				SWIFT_COMPILATION_MODE = wholemodule;
				SWIFT_OPTIMIZATION_LEVEL = "-O";
				VALIDATE_PRODUCT = YES;
			};
			name = Release;
		};
		95C8F4D2252E09DA0095E68B /* Debug */ = {
			isa = XCBuildConfiguration;
			buildSettings = {
				ASSETCATALOG_COMPILER_APPICON_NAME = AppIcon;
				ASSETCATALOG_COMPILER_GLOBAL_ACCENT_COLOR_NAME = AccentColor;
				CODE_SIGN_STYLE = Automatic;
				DEVELOPMENT_ASSET_PATHS = "\"canvas-1/Preview Content\"";
				DEVELOPMENT_TEAM = 27XTSJS68A;
				ENABLE_PREVIEWS = YES;
				INFOPLIST_FILE = "canvas-1/Info.plist";
				IPHONEOS_DEPLOYMENT_TARGET = 14.0;
				LD_RUNPATH_SEARCH_PATHS = (
					"$(inherited)",
					"@executable_path/Frameworks",
				);
				PRODUCT_BUNDLE_IDENTIFIER = "com.mobilepatagonia.canvas-1";
				PRODUCT_NAME = "$(TARGET_NAME)";
				SWIFT_VERSION = 5.0;
				TARGETED_DEVICE_FAMILY = "1,2";
			};
			name = Debug;
		};
		95C8F4D3252E09DA0095E68B /* Release */ = {
			isa = XCBuildConfiguration;
			buildSettings = {
				ASSETCATALOG_COMPILER_APPICON_NAME = AppIcon;
				ASSETCATALOG_COMPILER_GLOBAL_ACCENT_COLOR_NAME = AccentColor;
				CODE_SIGN_STYLE = Automatic;
				DEVELOPMENT_ASSET_PATHS = "\"canvas-1/Preview Content\"";
				DEVELOPMENT_TEAM = 27XTSJS68A;
				ENABLE_PREVIEWS = YES;
				INFOPLIST_FILE = "canvas-1/Info.plist";
				IPHONEOS_DEPLOYMENT_TARGET = 14.0;
				LD_RUNPATH_SEARCH_PATHS = (
					"$(inherited)",
					"@executable_path/Frameworks",
				);
				PRODUCT_BUNDLE_IDENTIFIER = "com.mobilepatagonia.canvas-1";
				PRODUCT_NAME = "$(TARGET_NAME)";
				SWIFT_VERSION = 5.0;
				TARGETED_DEVICE_FAMILY = "1,2";
			};
			name = Release;
		};
		95C8F4D5252E09DA0095E68B /* Debug */ = {
			isa = XCBuildConfiguration;
			buildSettings = {
				ALWAYS_EMBED_SWIFT_STANDARD_LIBRARIES = YES;
				BUNDLE_LOADER = "$(TEST_HOST)";
				CODE_SIGN_STYLE = Automatic;
				INFOPLIST_FILE = "canvas-1Tests/Info.plist";
				IPHONEOS_DEPLOYMENT_TARGET = 14.0;
				LD_RUNPATH_SEARCH_PATHS = (
					"$(inherited)",
					"@executable_path/Frameworks",
					"@loader_path/Frameworks",
				);
				PRODUCT_BUNDLE_IDENTIFIER = "com.mobilepatagonia.canvas-1Tests";
				PRODUCT_NAME = "$(TARGET_NAME)";
				SWIFT_VERSION = 5.0;
				TARGETED_DEVICE_FAMILY = "1,2";
				TEST_HOST = "$(BUILT_PRODUCTS_DIR)/canvas-1.app/canvas-1";
			};
			name = Debug;
		};
		95C8F4D6252E09DA0095E68B /* Release */ = {
			isa = XCBuildConfiguration;
			buildSettings = {
				ALWAYS_EMBED_SWIFT_STANDARD_LIBRARIES = YES;
				BUNDLE_LOADER = "$(TEST_HOST)";
				CODE_SIGN_STYLE = Automatic;
				INFOPLIST_FILE = "canvas-1Tests/Info.plist";
				IPHONEOS_DEPLOYMENT_TARGET = 14.0;
				LD_RUNPATH_SEARCH_PATHS = (
					"$(inherited)",
					"@executable_path/Frameworks",
					"@loader_path/Frameworks",
				);
				PRODUCT_BUNDLE_IDENTIFIER = "com.mobilepatagonia.canvas-1Tests";
				PRODUCT_NAME = "$(TARGET_NAME)";
				SWIFT_VERSION = 5.0;
				TARGETED_DEVICE_FAMILY = "1,2";
				TEST_HOST = "$(BUILT_PRODUCTS_DIR)/canvas-1.app/canvas-1";
			};
			name = Release;
		};
		95C8F4D8252E09DA0095E68B /* Debug */ = {
			isa = XCBuildConfiguration;
			buildSettings = {
				ALWAYS_EMBED_SWIFT_STANDARD_LIBRARIES = YES;
				CODE_SIGN_STYLE = Automatic;
				INFOPLIST_FILE = "canvas-1UITests/Info.plist";
				LD_RUNPATH_SEARCH_PATHS = (
					"$(inherited)",
					"@executable_path/Frameworks",
					"@loader_path/Frameworks",
				);
				PRODUCT_BUNDLE_IDENTIFIER = "com.mobilepatagonia.canvas-1UITests";
				PRODUCT_NAME = "$(TARGET_NAME)";
				SWIFT_VERSION = 5.0;
				TARGETED_DEVICE_FAMILY = "1,2";
				TEST_TARGET_NAME = "canvas-1";
			};
			name = Debug;
		};
		95C8F4D9252E09DA0095E68B /* Release */ = {
			isa = XCBuildConfiguration;
			buildSettings = {
				ALWAYS_EMBED_SWIFT_STANDARD_LIBRARIES = YES;
				CODE_SIGN_STYLE = Automatic;
				INFOPLIST_FILE = "canvas-1UITests/Info.plist";
				LD_RUNPATH_SEARCH_PATHS = (
					"$(inherited)",
					"@executable_path/Frameworks",
					"@loader_path/Frameworks",
				);
				PRODUCT_BUNDLE_IDENTIFIER = "com.mobilepatagonia.canvas-1UITests";
				PRODUCT_NAME = "$(TARGET_NAME)";
				SWIFT_VERSION = 5.0;
				TARGETED_DEVICE_FAMILY = "1,2";
				TEST_TARGET_NAME = "canvas-1";
			};
			name = Release;
		};
/* End XCBuildConfiguration section */

/* Begin XCConfigurationList section */
		95C8F4A7252E09D50095E68B /* Build configuration list for PBXProject "canvas-1" */ = {
			isa = XCConfigurationList;
			buildConfigurations = (
				95C8F4CF252E09DA0095E68B /* Debug */,
				95C8F4D0252E09DA0095E68B /* Release */,
			);
			defaultConfigurationIsVisible = 0;
			defaultConfigurationName = Release;
		};
		95C8F4D1252E09DA0095E68B /* Build configuration list for PBXNativeTarget "canvas-1" */ = {
			isa = XCConfigurationList;
			buildConfigurations = (
				95C8F4D2252E09DA0095E68B /* Debug */,
				95C8F4D3252E09DA0095E68B /* Release */,
			);
			defaultConfigurationIsVisible = 0;
			defaultConfigurationName = Release;
		};
		95C8F4D4252E09DA0095E68B /* Build configuration list for PBXNativeTarget "canvas-1Tests" */ = {
			isa = XCConfigurationList;
			buildConfigurations = (
				95C8F4D5252E09DA0095E68B /* Debug */,
				95C8F4D6252E09DA0095E68B /* Release */,
			);
			defaultConfigurationIsVisible = 0;
			defaultConfigurationName = Release;
		};
		95C8F4D7252E09DA0095E68B /* Build configuration list for PBXNativeTarget "canvas-1UITests" */ = {
			isa = XCConfigurationList;
			buildConfigurations = (
				95C8F4D8252E09DA0095E68B /* Debug */,
				95C8F4D9252E09DA0095E68B /* Release */,
			);
			defaultConfigurationIsVisible = 0;
			defaultConfigurationName = Release;
		};
/* End XCConfigurationList section */
	};
	rootObject = 95C8F4A4252E09D50095E68B /* Project object */;
}
